{
  "name": "photosort",
  "version": "1.0.5",
  "lockfileVersion": 1,
  "requires": true,
  "dependencies": {
    "exif-parser": {
      "version": "0.1.12",
      "resolved": "https://registry.npmjs.org/exif-parser/-/exif-parser-0.1.12.tgz",
      "integrity": "sha1-WKnS1ywCwfbwKg70qRZicrd2CSI="
    }
  }
}
